
Microsoft Visual Studio Solution File, Format Version 12.00
# Visual Studio Version 16
VisualStudioVersion = 16.0.29001.49
MinimumVisualStudioVersion = 15.0.26124.0
Project("{9A19103F-16F7-4668-BE54-9A1E7A4F7556}") = "euler", "src\euler\euler.csproj", "{4A289847-DB7C-4CA0-A450-20DFA6ADD80C}"
EndProject
Project("{FAE04EC0-301F-11D3-BF4B-00C04F79EFBC}") = "euler.tests", "euler.tests\euler.tests.csproj", "{2E5160A0-BF10-4C0C-A394-3E33532B8E4D}"
EndProject
Global
	GlobalSection(SolutionConfigurationPlatforms) = preSolution
		Debug|Any CPU = Debug|Any CPU
		Debug|x64 = Debug|x64
		Debug|x86 = Debug|x86
		Release|Any CPU = Release|Any CPU
		Release|x64 = Release|x64
		Release|x86 = Release|x86
	EndGlobalSection
	GlobalSection(ProjectConfigurationPlatforms) = postSolution
		{4A289847-DB7C-4CA0-A450-20DFA6ADD80C}.Debug|Any CPU.ActiveCfg = Debug|Any CPU
		{4A289847-DB7C-4CA0-A450-20DFA6ADD80C}.Debug|Any CPU.Build.0 = Debug|Any CPU
		{4A289847-DB7C-4CA0-A450-20DFA6ADD80C}.Debug|x64.ActiveCfg = Debug|Any CPU
		{4A289847-DB7C-4CA0-A450-20DFA6ADD80C}.Debug|x64.Build.0 = Debug|Any CPU
		{4A289847-DB7C-4CA0-A450-20DFA6ADD80C}.Debug|x86.ActiveCfg = Debug|Any CPU
		{4A289847-DB7C-4CA0-A450-20DFA6ADD80C}.Debug|x86.Build.0 = Debug|Any CPU
		{4A289847-DB7C-4CA0-A450-20DFA6ADD80C}.Release|Any CPU.ActiveCfg = Release|Any CPU
		{4A289847-DB7C-4CA0-A450-20DFA6ADD80C}.Release|Any CPU.Build.0 = Release|Any CPU
		{4A289847-DB7C-4CA0-A450-20DFA6ADD80C}.Release|x64.ActiveCfg = Release|Any CPU
		{4A289847-DB7C-4CA0-A450-20DFA6ADD80C}.Release|x64.Build.0 = Release|Any CPU
		{4A289847-DB7C-4CA0-A450-20DFA6ADD80C}.Release|x86.ActiveCfg = Release|Any CPU
		{4A289847-DB7C-4CA0-A450-20DFA6ADD80C}.Release|x86.Build.0 = Release|Any CPU
		{2E5160A0-BF10-4C0C-A394-3E33532B8E4D}.Debug|Any CPU.ActiveCfg = Debug|Any CPU
		{2E5160A0-BF10-4C0C-A394-3E33532B8E4D}.Debug|Any CPU.Build.0 = Debug|Any CPU
		{2E5160A0-BF10-4C0C-A394-3E33532B8E4D}.Debug|x64.ActiveCfg = Debug|Any CPU
		{2E5160A0-BF10-4C0C-A394-3E33532B8E4D}.Debug|x64.Build.0 = Debug|Any CPU
		{2E5160A0-BF10-4C0C-A394-3E33532B8E4D}.Debug|x86.ActiveCfg = Debug|Any CPU
		{2E5160A0-BF10-4C0C-A394-3E33532B8E4D}.Debug|x86.Build.0 = Debug|Any CPU
		{2E5160A0-BF10-4C0C-A394-3E33532B8E4D}.Release|Any CPU.ActiveCfg = Release|Any CPU
		{2E5160A0-BF10-4C0C-A394-3E33532B8E4D}.Release|Any CPU.Build.0 = Release|Any CPU
		{2E5160A0-BF10-4C0C-A394-3E33532B8E4D}.Release|x64.ActiveCfg = Release|Any CPU
		{2E5160A0-BF10-4C0C-A394-3E33532B8E4D}.Release|x64.Build.0 = Release|Any CPU
		{2E5160A0-BF10-4C0C-A394-3E33532B8E4D}.Release|x86.ActiveCfg = Release|Any CPU
		{2E5160A0-BF10-4C0C-A394-3E33532B8E4D}.Release|x86.Build.0 = Release|Any CPU
	EndGlobalSection
	GlobalSection(SolutionProperties) = preSolution
		HideSolutionNode = FALSE
	EndGlobalSection
	GlobalSection(ExtensibilityGlobals) = postSolution
		SolutionGuid = {654EFA65-C7EB-483D-90A5-C3FF163FDCEE}
	EndGlobalSection
EndGlobal
